
Microsoft Visual Studio Solution File, Format Version 12.00
# Visual Studio 15
VisualStudioVersion = 15.0.28010.2041
MinimumVisualStudioVersion = 10.0.40219.1
Project("{FAE04EC0-301F-11D3-BF4B-00C04F79EFBC}") = "WebsiteBuilder", "WebsiteBuilder\WebsiteBuilder.csproj", "{068DB6F9-4C88-4126-9963-E3A507B5C163}"
EndProject
Global
	GlobalSection(SolutionConfigurationPlatforms) = preSolution
		Debug|Any CPU = Debug|Any CPU
		Release|Any CPU = Release|Any CPU
	EndGlobalSection
	GlobalSection(ProjectConfigurationPlatforms) = postSolution
		{068DB6F9-4C88-4126-9963-E3A507B5C163}.Debug|Any CPU.ActiveCfg = Debug|Any CPU
		{068DB6F9-4C88-4126-9963-E3A507B5C163}.Debug|Any CPU.Build.0 = Debug|Any CPU
		{068DB6F9-4C88-4126-9963-E3A507B5C163}.Release|Any CPU.ActiveCfg = Release|Any CPU
		{068DB6F9-4C88-4126-9963-E3A507B5C163}.Release|Any CPU.Build.0 = Release|Any CPU
	EndGlobalSection
	GlobalSection(SolutionProperties) = preSolution
		HideSolutionNode = FALSE
	EndGlobalSection
	GlobalSection(ExtensibilityGlobals) = postSolution
		SolutionGuid = {38E85192-E552-49D3-8EAB-4B56A7000A79}
	EndGlobalSection
EndGlobal
